# THIS IS AN AUTOGENERATED FILE. DO NOT EDIT THIS FILE DIRECTLY.
# yarn lockfile v1


semver@^5.5.0:
  version "5.6.0"
  resolved "https://registry.yarnpkg.com/semver/-/semver-5.6.0.tgz#7e74256fbaa49c75aa7c7a205cc22799cac80004"
  integrity sha512-RS9R6R35NYgQn++fkDWaOmqGoj4Ek9gGs+DPxNUZKuwE183xjJroKvyo1IzVFeXvUrvmALy6FWD5xrdJT25gMg==

solidity-parser-antlr@^0.3.3:
  version "0.3.3"
  resolved "https://registry.yarnpkg.com/solidity-parser-antlr/-/solidity-parser-antlr-0.3.3.tgz#0352e35f914095daa7eef9f3a55cf8074e28cc5b"
  integrity sha512-RNUc18pjf7DLWs//WF+V+VnvrbetEbNFUYxm2JFbXU62G9WSu+nVyDxV5r+FG4wu8jom17vLdM/3I7bMBGfZ9g==
